
Microsoft Visual Studio Solution File, Format Version 12.00
# Visual Studio 2012
Project("{FAE04EC0-301F-11D3-BF4B-00C04F79EFBC}") = "StringCalculatorKata", "StringCalculatorKata\StringCalculatorKata.csproj", "{A94139A7-13D0-4EA9-9E67-1956C6E696B1}"
EndProject
Project("{FAE04EC0-301F-11D3-BF4B-00C04F79EFBC}") = "StringCalculatorKataTests", "StringCalculatorKataTests\StringCalculatorKataTests.csproj", "{52CCE7B0-A5A4-49BD-A816-94ED1A6E3F50}"
EndProject
Project("{2150E333-8FDC-42A3-9474-1A3956D46DE8}") = ".nuget", ".nuget", "{8B71BA00-C915-454C-9235-6FA84E1B1BD8}"
	ProjectSection(SolutionItems) = preProject
		.nuget\packages.config = .nuget\packages.config
	EndProjectSection
EndProject
Global
	GlobalSection(SolutionConfigurationPlatforms) = preSolution
		Debug|Any CPU = Debug|Any CPU
		Release|Any CPU = Release|Any CPU
	EndGlobalSection
	GlobalSection(ProjectConfigurationPlatforms) = postSolution
		{A94139A7-13D0-4EA9-9E67-1956C6E696B1}.Debug|Any CPU.ActiveCfg = Debug|Any CPU
		{A94139A7-13D0-4EA9-9E67-1956C6E696B1}.Debug|Any CPU.Build.0 = Debug|Any CPU
		{A94139A7-13D0-4EA9-9E67-1956C6E696B1}.Release|Any CPU.ActiveCfg = Release|Any CPU
		{A94139A7-13D0-4EA9-9E67-1956C6E696B1}.Release|Any CPU.Build.0 = Release|Any CPU
		{52CCE7B0-A5A4-49BD-A816-94ED1A6E3F50}.Debug|Any CPU.ActiveCfg = Debug|Any CPU
		{52CCE7B0-A5A4-49BD-A816-94ED1A6E3F50}.Debug|Any CPU.Build.0 = Debug|Any CPU
		{52CCE7B0-A5A4-49BD-A816-94ED1A6E3F50}.Release|Any CPU.ActiveCfg = Release|Any CPU
		{52CCE7B0-A5A4-49BD-A816-94ED1A6E3F50}.Release|Any CPU.Build.0 = Release|Any CPU
	EndGlobalSection
	GlobalSection(SolutionProperties) = preSolution
		HideSolutionNode = FALSE
	EndGlobalSection
EndGlobal
